
Microsoft Visual Studio Solution File, Format Version 12.00
# Visual Studio 15
VisualStudioVersion = 15.0.28307.960
MinimumVisualStudioVersion = 10.0.40219.1
Project("{FAE04EC0-301F-11D3-BF4B-00C04F79EFBC}") = "ASP.NET Core", "ASP.NET Core\ASP.NET Core.csproj", "{6BE68CDE-A7CA-4C90-9448-8E82A21F0F9E}"
EndProject
Project("{2150E333-8FDC-42A3-9474-1A3956D46DE8}") = "DevExtreme NuGet.config", "DevExtreme NuGet.config", "{10C447DD-8C19-48B1-B417-5F62C23BC0B0}"
	ProjectSection(SolutionItems) = preProject
		NuGet.config = NuGet.config
	EndProjectSection
EndProject
Global
	GlobalSection(SolutionConfigurationPlatforms) = preSolution
		Debug|Any CPU = Debug|Any CPU
		Release|Any CPU = Release|Any CPU
	EndGlobalSection
	GlobalSection(ProjectConfigurationPlatforms) = postSolution
		{6BE68CDE-A7CA-4C90-9448-8E82A21F0F9E}.Debug|Any CPU.ActiveCfg = Debug|Any CPU
		{6BE68CDE-A7CA-4C90-9448-8E82A21F0F9E}.Debug|Any CPU.Build.0 = Debug|Any CPU
		{6BE68CDE-A7CA-4C90-9448-8E82A21F0F9E}.Release|Any CPU.ActiveCfg = Release|Any CPU
		{6BE68CDE-A7CA-4C90-9448-8E82A21F0F9E}.Release|Any CPU.Build.0 = Release|Any CPU
	EndGlobalSection
	GlobalSection(SolutionProperties) = preSolution
		HideSolutionNode = FALSE
	EndGlobalSection
	GlobalSection(ExtensibilityGlobals) = postSolution
		SolutionGuid = {4671411A-3566-4B89-9452-FE650551D5E9}
	EndGlobalSection
EndGlobal
